
Microsoft Visual Studio Solution File, Format Version 12.00
# Visual Studio Version 17
VisualStudioVersion = 17.8.34408.163
MinimumVisualStudioVersion = 10.0.40219.1
Project("{FAE04EC0-301F-11D3-BF4B-00C04F79EFBC}") = "GADoubleMath", "GADoubleMath\GADoubleMath.csproj", "{A48D2C29-0492-4BC2-B210-03E4D6AC2FED}"
EndProject
Global
	GlobalSection(SolutionConfigurationPlatforms) = preSolution
		Debug|Any CPU = Debug|Any CPU
		Release|Any CPU = Release|Any CPU
	EndGlobalSection
	GlobalSection(ProjectConfigurationPlatforms) = postSolution
		{A48D2C29-0492-4BC2-B210-03E4D6AC2FED}.Debug|Any CPU.ActiveCfg = Debug|Any CPU
		{A48D2C29-0492-4BC2-B210-03E4D6AC2FED}.Debug|Any CPU.Build.0 = Debug|Any CPU
		{A48D2C29-0492-4BC2-B210-03E4D6AC2FED}.Release|Any CPU.ActiveCfg = Release|Any CPU
		{A48D2C29-0492-4BC2-B210-03E4D6AC2FED}.Release|Any CPU.Build.0 = Release|Any CPU
	EndGlobalSection
	GlobalSection(SolutionProperties) = preSolution
		HideSolutionNode = FALSE
	EndGlobalSection
	GlobalSection(ExtensibilityGlobals) = postSolution
		SolutionGuid = {04B60220-1BBF-483F-91B4-8A002920B5E6}
	EndGlobalSection
EndGlobal
